
Microsoft Visual Studio Solution File, Format Version 12.00
# Visual Studio Version 17
VisualStudioVersion = 17.5.002.0
MinimumVisualStudioVersion = 10.0.40219.1
Project("{9A19103F-16F7-4668-BE54-9A1E7A4F7556}") = "emoncms-masto", "emoncms-masto.csproj", "{208DCC4C-4623-4200-9CA9-CA35E910733A}"
EndProject
Global
	GlobalSection(SolutionConfigurationPlatforms) = preSolution
		Debug|Any CPU = Debug|Any CPU
		Release|Any CPU = Release|Any CPU
	EndGlobalSection
	GlobalSection(ProjectConfigurationPlatforms) = postSolution
		{208DCC4C-4623-4200-9CA9-CA35E910733A}.Debug|Any CPU.ActiveCfg = Debug|Any CPU
		{208DCC4C-4623-4200-9CA9-CA35E910733A}.Debug|Any CPU.Build.0 = Debug|Any CPU
		{208DCC4C-4623-4200-9CA9-CA35E910733A}.Release|Any CPU.ActiveCfg = Release|Any CPU
		{208DCC4C-4623-4200-9CA9-CA35E910733A}.Release|Any CPU.Build.0 = Release|Any CPU
	EndGlobalSection
	GlobalSection(SolutionProperties) = preSolution
		HideSolutionNode = FALSE
	EndGlobalSection
	GlobalSection(ExtensibilityGlobals) = postSolution
		SolutionGuid = {2484D650-0C98-44C3-9B85-7BF67FF26F3C}
	EndGlobalSection
EndGlobal
